
Microsoft Visual Studio Solution File, Format Version 12.00
# Visual Studio Version 17
VisualStudioVersion = 17.10.34916.146
MinimumVisualStudioVersion = 10.0.40219.1
Project("{9A19103F-16F7-4668-BE54-9A1E7A4F7556}") = "Assesment", "Assesment.csproj", "{57F06E9A-B294-4513-B548-AA2722929660}"
EndProject
Project("{FAE04EC0-301F-11D3-BF4B-00C04F79EFBC}") = "TestProject_Ass", "..\TestProject_Ass\TestProject_Ass.csproj", "{D1C5D88F-08A6-42AE-96A0-244EC22C8289}"
EndProject
Global
	GlobalSection(SolutionConfigurationPlatforms) = preSolution
		Debug|Any CPU = Debug|Any CPU
		Release|Any CPU = Release|Any CPU
	EndGlobalSection
	GlobalSection(ProjectConfigurationPlatforms) = postSolution
		{57F06E9A-B294-4513-B548-AA2722929660}.Debug|Any CPU.ActiveCfg = Debug|Any CPU
		{57F06E9A-B294-4513-B548-AA2722929660}.Debug|Any CPU.Build.0 = Debug|Any CPU
		{57F06E9A-B294-4513-B548-AA2722929660}.Release|Any CPU.ActiveCfg = Release|Any CPU
		{57F06E9A-B294-4513-B548-AA2722929660}.Release|Any CPU.Build.0 = Release|Any CPU
		{D1C5D88F-08A6-42AE-96A0-244EC22C8289}.Debug|Any CPU.ActiveCfg = Debug|Any CPU
		{D1C5D88F-08A6-42AE-96A0-244EC22C8289}.Debug|Any CPU.Build.0 = Debug|Any CPU
		{D1C5D88F-08A6-42AE-96A0-244EC22C8289}.Release|Any CPU.ActiveCfg = Release|Any CPU
		{D1C5D88F-08A6-42AE-96A0-244EC22C8289}.Release|Any CPU.Build.0 = Release|Any CPU
	EndGlobalSection
	GlobalSection(SolutionProperties) = preSolution
		HideSolutionNode = FALSE
	EndGlobalSection
	GlobalSection(ExtensibilityGlobals) = postSolution
		SolutionGuid = {DBB3FA6C-A0CB-4FC6-A9EF-172AA83C72BE}
	EndGlobalSection
EndGlobal
